
Microsoft Visual Studio Solution File, Format Version 12.00
# Visual Studio Version 17
VisualStudioVersion = 17.4.33205.214
MinimumVisualStudioVersion = 10.0.40219.1
Project("{FAE04EC0-301F-11D3-BF4B-00C04F79EFBC}") = "Airbnb_Clone_Project", "Airbnb_Clone_Project.csproj", "{BA21C46E-CEC0-419C-8D6C-93000D2DF6AA}"
EndProject
Global
	GlobalSection(SolutionConfigurationPlatforms) = preSolution
		Debug|Any CPU = Debug|Any CPU
		Release|Any CPU = Release|Any CPU
	EndGlobalSection
	GlobalSection(ProjectConfigurationPlatforms) = postSolution
		{BA21C46E-CEC0-419C-8D6C-93000D2DF6AA}.Debug|Any CPU.ActiveCfg = Debug|Any CPU
		{BA21C46E-CEC0-419C-8D6C-93000D2DF6AA}.Debug|Any CPU.Build.0 = Debug|Any CPU
		{BA21C46E-CEC0-419C-8D6C-93000D2DF6AA}.Release|Any CPU.ActiveCfg = Release|Any CPU
		{BA21C46E-CEC0-419C-8D6C-93000D2DF6AA}.Release|Any CPU.Build.0 = Release|Any CPU
	EndGlobalSection
	GlobalSection(SolutionProperties) = preSolution
		HideSolutionNode = FALSE
	EndGlobalSection
	GlobalSection(ExtensibilityGlobals) = postSolution
		SolutionGuid = {7B8E4BFE-BEFB-46F6-BB09-7AD9D3783D54}
	EndGlobalSection
EndGlobal
